// !$*UTF8*$!
{
	archiveVersion = 1;
	classes = {
	};
	objectVersion = 46;
	objects = {

/* Begin PBXBuildFile section */
		AE0C0E6B1C80D3EE00F3EE0B /* AppDelegate.swift in Sources */ = {isa = PBXBuildFile; fileRef = AE0C0E6A1C80D3EE00F3EE0B /* AppDelegate.swift */; };
		AE0C0E701C80D3EE00F3EE0B /* Main.storyboard in Resources */ = {isa = PBXBuildFile; fileRef = AE0C0E6E1C80D3EE00F3EE0B /* Main.storyboard */; };
		AE0C0E721C80D3EE00F3EE0B /* Assets.xcassets in Resources */ = {isa = PBXBuildFile; fileRef = AE0C0E711C80D3EE00F3EE0B /* Assets.xcassets */; };
		AE0C0E751C80D3EE00F3EE0B /* LaunchScreen.storyboard in Resources */ = {isa = PBXBuildFile; fileRef = AE0C0E731C80D3EE00F3EE0B /* LaunchScreen.storyboard */; };
		AE0C0E7D1C80DB6300F3EE0B /* MainViewController.swift in Sources */ = {isa = PBXBuildFile; fileRef = AE0C0E7C1C80DB6300F3EE0B /* MainViewController.swift */; };
		AE0C0E831C80ED8300F3EE0B /* Primes.swift in Sources */ = {isa = PBXBuildFile; fileRef = AE0C0E821C80ED8300F3EE0B /* Primes.swift */; };
		AE4446681C8512C0009225BC /* constants.swift in Sources */ = {isa = PBXBuildFile; fileRef = AE4446671C8512C0009225BC /* constants.swift */; };
		AE44466A1C87781F009225BC /* SpriteKit.framework in Frameworks */ = {isa = PBXBuildFile; fileRef = AE4446691C87781F009225BC /* SpriteKit.framework */; };
		AE44466E1C877898009225BC /* CreativeViewController.swift in Sources */ = {isa = PBXBuildFile; fileRef = AE44466D1C877898009225BC /* CreativeViewController.swift */; };
		AE4446701C877BB1009225BC /* Games.swift in Sources */ = {isa = PBXBuildFile; fileRef = AE44466F1C877BB1009225BC /* Games.swift */; };
		AE4446741C878FF4009225BC /* box.png in Resources */ = {isa = PBXBuildFile; fileRef = AE4446731C878FF4009225BC /* box.png */; };
		AE4446771C88A9D5009225BC /* bucket.png in Resources */ = {isa = PBXBuildFile; fileRef = AE4446751C88A9D5009225BC /* bucket.png */; };
		AE4446781C88A9D5009225BC /* sieve.png in Resources */ = {isa = PBXBuildFile; fileRef = AE4446761C88A9D5009225BC /* sieve.png */; };
		AE5011141C83A29600AE7AB5 /* ResultViewController.swift in Sources */ = {isa = PBXBuildFile; fileRef = AE5011131C83A29600AE7AB5 /* ResultViewController.swift */; };
		AEB7EB261C83B7F0000F465E /* ResultTableViewCell.swift in Sources */ = {isa = PBXBuildFile; fileRef = AEB7EB251C83B7F0000F465E /* ResultTableViewCell.swift */; };
/* End PBXBuildFile section */

/* Begin PBXFileReference section */
		AE0C0E671C80D3EE00F3EE0B /* SieveOfEratosthenes.app */ = {isa = PBXFileReference; explicitFileType = wrapper.application; includeInIndex = 0; path = SieveOfEratosthenes.app; sourceTree = BUILT_PRODUCTS_DIR; };
		AE0C0E6A1C80D3EE00F3EE0B /* AppDelegate.swift */ = {isa = PBXFileReference; lastKnownFileType = sourcecode.swift; path = AppDelegate.swift; sourceTree = "<group>"; };
		AE0C0E6F1C80D3EE00F3EE0B /* Base */ = {isa = PBXFileReference; lastKnownFileType = file.storyboard; name = Base; path = Base.lproj/Main.storyboard; sourceTree = "<group>"; };
		AE0C0E711C80D3EE00F3EE0B /* Assets.xcassets */ = {isa = PBXFileReference; lastKnownFileType = folder.assetcatalog; path = Assets.xcassets; sourceTree = "<group>"; };
		AE0C0E741C80D3EE00F3EE0B /* Base */ = {isa = PBXFileReference; lastKnownFileType = file.storyboard; name = Base; path = Base.lproj/LaunchScreen.storyboard; sourceTree = "<group>"; };
		AE0C0E761C80D3EE00F3EE0B /* Info.plist */ = {isa = PBXFileReference; lastKnownFileType = text.plist.xml; path = Info.plist; sourceTree = "<group>"; };
		AE0C0E7C1C80DB6300F3EE0B /* MainViewController.swift */ = {isa = PBXFileReference; fileEncoding = 4; lastKnownFileType = sourcecode.swift; path = MainViewController.swift; sourceTree = "<group>"; };
		AE0C0E821C80ED8300F3EE0B /* Primes.swift */ = {isa = PBXFileReference; fileEncoding = 4; lastKnownFileType = sourcecode.swift; path = Primes.swift; sourceTree = "<group>"; };
		AE4446671C8512C0009225BC /* constants.swift */ = {isa = PBXFileReference; fileEncoding = 4; lastKnownFileType = sourcecode.swift; path = constants.swift; sourceTree = "<group>"; };
		AE4446691C87781F009225BC /* SpriteKit.framework */ = {isa = PBXFileReference; lastKnownFileType = wrapper.framework; name = SpriteKit.framework; path = System/Library/Frameworks/SpriteKit.framework; sourceTree = SDKROOT; };
		AE44466D1C877898009225BC /* CreativeViewController.swift */ = {isa = PBXFileReference; fileEncoding = 4; lastKnownFileType = sourcecode.swift; path = CreativeViewController.swift; sourceTree = "<group>"; };
		AE44466F1C877BB1009225BC /* Games.swift */ = {isa = PBXFileReference; fileEncoding = 4; lastKnownFileType = sourcecode.swift; path = Games.swift; sourceTree = "<group>"; };
		AE4446731C878FF4009225BC /* box.png */ = {isa = PBXFileReference; lastKnownFileType = image.png; path = box.png; sourceTree = "<group>"; };
		AE4446751C88A9D5009225BC /* bucket.png */ = {isa = PBXFileReference; lastKnownFileType = image.png; path = bucket.png; sourceTree = "<group>"; };
		AE4446761C88A9D5009225BC /* sieve.png */ = {isa = PBXFileReference; lastKnownFileType = image.png; path = sieve.png; sourceTree = "<group>"; };
		AE5011131C83A29600AE7AB5 /* ResultViewController.swift */ = {isa = PBXFileReference; fileEncoding = 4; lastKnownFileType = sourcecode.swift; path = ResultViewController.swift; sourceTree = "<group>"; };
		AEB7EB251C83B7F0000F465E /* ResultTableViewCell.swift */ = {isa = PBXFileReference; fileEncoding = 4; lastKnownFileType = sourcecode.swift; path = ResultTableViewCell.swift; sourceTree = "<group>"; };
/* End PBXFileReference section */

/* Begin PBXFrameworksBuildPhase section */
		AE0C0E641C80D3EE00F3EE0B /* Frameworks */ = {
			isa = PBXFrameworksBuildPhase;
			buildActionMask = 2147483647;
			files = (
				AE44466A1C87781F009225BC /* SpriteKit.framework in Frameworks */,
			);
			runOnlyForDeploymentPostprocessing = 0;
		};
/* End PBXFrameworksBuildPhase section */

/* Begin PBXGroup section */
		AE0C0E5E1C80D3EE00F3EE0B = {
			isa = PBXGroup;
			children = (
				AE4446691C87781F009225BC /* SpriteKit.framework */,
				AE0C0E691C80D3EE00F3EE0B /* SieveOfEratosthenes */,
				AE0C0E681C80D3EE00F3EE0B /* Products */,
			);
			sourceTree = "<group>";
		};
		AE0C0E681C80D3EE00F3EE0B /* Products */ = {
			isa = PBXGroup;
			children = (
				AE0C0E671C80D3EE00F3EE0B /* SieveOfEratosthenes.app */,
			);
			name = Products;
			sourceTree = "<group>";
		};
		AE0C0E691C80D3EE00F3EE0B /* SieveOfEratosthenes */ = {
			isa = PBXGroup;
			children = (
				AE0C0E811C80DBB700F3EE0B /* Model */,
				AE0C0E7E1C80DB7800F3EE0B /* View */,
				AE0C0E7F1C80DB8700F3EE0B /* Controller */,
				AE0C0E801C80DBA000F3EE0B /* Other */,
				AE0C0E711C80D3EE00F3EE0B /* Assets.xcassets */,
				AE0C0E731C80D3EE00F3EE0B /* LaunchScreen.storyboard */,
				AE0C0E761C80D3EE00F3EE0B /* Info.plist */,
			);
			path = SieveOfEratosthenes;
			sourceTree = "<group>";
		};
		AE0C0E7E1C80DB7800F3EE0B /* View */ = {
			isa = PBXGroup;
			children = (
				AE0C0E6E1C80D3EE00F3EE0B /* Main.storyboard */,
			);
			name = View;
			sourceTree = "<group>";
		};
		AE0C0E7F1C80DB8700F3EE0B /* Controller */ = {
			isa = PBXGroup;
			children = (
				AE0C0E7C1C80DB6300F3EE0B /* MainViewController.swift */,
				AE5011131C83A29600AE7AB5 /* ResultViewController.swift */,
				AEB7EB251C83B7F0000F465E /* ResultTableViewCell.swift */,
				AE44466D1C877898009225BC /* CreativeViewController.swift */,
			);
			name = Controller;
			sourceTree = "<group>";
		};
		AE0C0E801C80DBA000F3EE0B /* Other */ = {
			isa = PBXGroup;
			children = (
				AE4446731C878FF4009225BC /* box.png */,
				AE4446751C88A9D5009225BC /* bucket.png */,
				AE4446761C88A9D5009225BC /* sieve.png */,
				AE0C0E6A1C80D3EE00F3EE0B /* AppDelegate.swift */,
			);
			name = Other;
			sourceTree = "<group>";
		};
		AE0C0E811C80DBB700F3EE0B /* Model */ = {
			isa = PBXGroup;
			children = (
				AE0C0E821C80ED8300F3EE0B /* Primes.swift */,
				AE44466F1C877BB1009225BC /* Games.swift */,
				AE4446671C8512C0009225BC /* constants.swift */,
			);
			name = Model;
			sourceTree = "<group>";
		};
/* End PBXGroup section */

/* Begin PBXNativeTarget section */
		AE0C0E661C80D3EE00F3EE0B /* SieveOfEratosthenes */ = {
			isa = PBXNativeTarget;
			buildConfigurationList = AE0C0E791C80D3EE00F3EE0B /* Build configuration list for PBXNativeTarget "SieveOfEratosthenes" */;
			buildPhases = (
				AE0C0E631C80D3EE00F3EE0B /* Sources */,
				AE0C0E641C80D3EE00F3EE0B /* Frameworks */,
				AE0C0E651C80D3EE00F3EE0B /* Resources */,
			);
			buildRules = (
			);
			dependencies = (
			);
			name = SieveOfEratosthenes;
			productName = SieveOfEratosthenes;
			productReference = AE0C0E671C80D3EE00F3EE0B /* SieveOfEratosthenes.app */;
			productType = "com.apple.product-type.application";
		};
/* End PBXNativeTarget section */

/* Begin PBXProject section */
		AE0C0E5F1C80D3EE00F3EE0B /* Project object */ = {
			isa = PBXProject;
			attributes = {
				LastSwiftUpdateCheck = 0720;
				LastUpgradeCheck = 0720;
				ORGANIZATIONNAME = marklinapp;
				TargetAttributes = {
					AE0C0E661C80D3EE00F3EE0B = {
						CreatedOnToolsVersion = 7.2;
					};
				};
			};
			buildConfigurationList = AE0C0E621C80D3EE00F3EE0B /* Build configuration list for PBXProject "SieveOfEratosthenes" */;
			compatibilityVersion = "Xcode 3.2";
			developmentRegion = English;
			hasScannedForEncodings = 0;
			knownRegions = (
				en,
				Base,
			);
			mainGroup = AE0C0E5E1C80D3EE00F3EE0B;
			productRefGroup = AE0C0E681C80D3EE00F3EE0B /* Products */;
			projectDirPath = "";
			projectRoot = "";
			targets = (
				AE0C0E661C80D3EE00F3EE0B /* SieveOfEratosthenes */,
			);
		};
/* End PBXProject section */

/* Begin PBXResourcesBuildPhase section */
		AE0C0E651C80D3EE00F3EE0B /* Resources */ = {
			isa = PBXResourcesBuildPhase;
			buildActionMask = 2147483647;
			files = (
				AE0C0E751C80D3EE00F3EE0B /* LaunchScreen.storyboard in Resources */,
				AE0C0E721C80D3EE00F3EE0B /* Assets.xcassets in Resources */,
				AE4446771C88A9D5009225BC /* bucket.png in Resources */,
				AE4446781C88A9D5009225BC /* sieve.png in Resources */,
				AE0C0E701C80D3EE00F3EE0B /* Main.storyboard in Resources */,
				AE4446741C878FF4009225BC /* box.png in Resources */,
			);
			runOnlyForDeploymentPostprocessing = 0;
		};
/* End PBXResourcesBuildPhase section */

/* Begin PBXSourcesBuildPhase section */
		AE0C0E631C80D3EE00F3EE0B /* Sources */ = {
			isa = PBXSourcesBuildPhase;
			buildActionMask = 2147483647;
			files = (
				AE0C0E7D1C80DB6300F3EE0B /* MainViewController.swift in Sources */,
				AE0C0E831C80ED8300F3EE0B /* Primes.swift in Sources */,
				AE0C0E6B1C80D3EE00F3EE0B /* AppDelegate.swift in Sources */,
				AE4446701C877BB1009225BC /* Games.swift in Sources */,
				AEB7EB261C83B7F0000F465E /* ResultTableViewCell.swift in Sources */,
				AE44466E1C877898009225BC /* CreativeViewController.swift in Sources */,
				AE5011141C83A29600AE7AB5 /* ResultViewController.swift in Sources */,
				AE4446681C8512C0009225BC /* constants.swift in Sources */,
			);
			runOnlyForDeploymentPostprocessing = 0;
		};
/* End PBXSourcesBuildPhase section */

/* Begin PBXVariantGroup section */
		AE0C0E6E1C80D3EE00F3EE0B /* Main.storyboard */ = {
			isa = PBXVariantGroup;
			children = (
				AE0C0E6F1C80D3EE00F3EE0B /* Base */,
			);
			name = Main.storyboard;
			sourceTree = "<group>";
		};
		AE0C0E731C80D3EE00F3EE0B /* LaunchScreen.storyboard */ = {
			isa = PBXVariantGroup;
			children = (
				AE0C0E741C80D3EE00F3EE0B /* Base */,
			);
			name = LaunchScreen.storyboard;
			sourceTree = "<group>";
		};
/* End PBXVariantGroup section */

/* Begin XCBuildConfiguration section */
		AE0C0E771C80D3EE00F3EE0B /* Debug */ = {
			isa = XCBuildConfiguration;
			buildSettings = {
				ALWAYS_SEARCH_USER_PATHS = NO;
				CLANG_CXX_LANGUAGE_STANDARD = "gnu++0x";
				CLANG_CXX_LIBRARY = "libc++";
				CLANG_ENABLE_MODULES = YES;
				CLANG_ENABLE_OBJC_ARC = YES;
				CLANG_WARN_BOOL_CONVERSION = YES;
				CLANG_WARN_CONSTANT_CONVERSION = YES;
				CLANG_WARN_DIRECT_OBJC_ISA_USAGE = YES_ERROR;
				CLANG_WARN_EMPTY_BODY = YES;
				CLANG_WARN_ENUM_CONVERSION = YES;
				CLANG_WARN_INT_CONVERSION = YES;
				CLANG_WARN_OBJC_ROOT_CLASS = YES_ERROR;
				CLANG_WARN_UNREACHABLE_CODE = YES;
				CLANG_WARN__DUPLICATE_METHOD_MATCH = YES;
				"CODE_SIGN_IDENTITY[sdk=iphoneos*]" = "iPhone Developer";
				COPY_PHASE_STRIP = NO;
				DEBUG_INFORMATION_FORMAT = dwarf;
				ENABLE_STRICT_OBJC_MSGSEND = YES;
				ENABLE_TESTABILITY = YES;
				GCC_C_LANGUAGE_STANDARD = gnu99;
				GCC_DYNAMIC_NO_PIC = NO;
				GCC_NO_COMMON_BLOCKS = YES;
				GCC_OPTIMIZATION_LEVEL = 0;
				GCC_PREPROCESSOR_DEFINITIONS = (
					"DEBUG=1",
					"$(inherited)",
				);
				GCC_WARN_64_TO_32_BIT_CONVERSION = YES;
				GCC_WARN_ABOUT_RETURN_TYPE = YES_ERROR;
				GCC_WARN_UNDECLARED_SELECTOR = YES;
				GCC_WARN_UNINITIALIZED_AUTOS = YES_AGGRESSIVE;
				GCC_WARN_UNUSED_FUNCTION = YES;
				GCC_WARN_UNUSED_VARIABLE = YES;
				IPHONEOS_DEPLOYMENT_TARGET = 9.2;
				MTL_ENABLE_DEBUG_INFO = YES;
				ONLY_ACTIVE_ARCH = YES;
				SDKROOT = iphoneos;
				SWIFT_OPTIMIZATION_LEVEL = "-Onone";
				TARGETED_DEVICE_FAMILY = "1,2";
			};
			name = Debug;
		};
		AE0C0E781C80D3EE00F3EE0B /* Release */ = {
			isa = XCBuildConfiguration;
			buildSettings = {
				ALWAYS_SEARCH_USER_PATHS = NO;
				CLANG_CXX_LANGUAGE_STANDARD = "gnu++0x";
				CLANG_CXX_LIBRARY = "libc++";
				CLANG_ENABLE_MODULES = YES;
				CLANG_ENABLE_OBJC_ARC = YES;
				CLANG_WARN_BOOL_CONVERSION = YES;
				CLANG_WARN_CONSTANT_CONVERSION = YES;
				CLANG_WARN_DIRECT_OBJC_ISA_USAGE = YES_ERROR;
				CLANG_WARN_EMPTY_BODY = YES;
				CLANG_WARN_ENUM_CONVERSION = YES;
				CLANG_WARN_INT_CONVERSION = YES;
				CLANG_WARN_OBJC_ROOT_CLASS = YES_ERROR;
				CLANG_WARN_UNREACHABLE_CODE = YES;
				CLANG_WARN__DUPLICATE_METHOD_MATCH = YES;
				"CODE_SIGN_IDENTITY[sdk=iphoneos*]" = "iPhone Developer";
				COPY_PHASE_STRIP = NO;
				DEBUG_INFORMATION_FORMAT = "dwarf-with-dsym";
				ENABLE_NS_ASSERTIONS = NO;
				ENABLE_STRICT_OBJC_MSGSEND = YES;
				GCC_C_LANGUAGE_STANDARD = gnu99;
				GCC_NO_COMMON_BLOCKS = YES;
				GCC_WARN_64_TO_32_BIT_CONVERSION = YES;
				GCC_WARN_ABOUT_RETURN_TYPE = YES_ERROR;
				GCC_WARN_UNDECLARED_SELECTOR = YES;
				GCC_WARN_UNINITIALIZED_AUTOS = YES_AGGRESSIVE;
				GCC_WARN_UNUSED_FUNCTION = YES;
				GCC_WARN_UNUSED_VARIABLE = YES;
				IPHONEOS_DEPLOYMENT_TARGET = 9.2;
				MTL_ENABLE_DEBUG_INFO = NO;
				SDKROOT = iphoneos;
				TARGETED_DEVICE_FAMILY = "1,2";
				VALIDATE_PRODUCT = YES;
			};
			name = Release;
		};
		AE0C0E7A1C80D3EE00F3EE0B /* Debug */ = {
			isa = XCBuildConfiguration;
			buildSettings = {
				ASSETCATALOG_COMPILER_APPICON_NAME = AppIcon;
				INFOPLIST_FILE = SieveOfEratosthenes/Info.plist;
				IPHONEOS_DEPLOYMENT_TARGET = 9.2;
				LD_RUNPATH_SEARCH_PATHS = "$(inherited) @executable_path/Frameworks";
				PRODUCT_BUNDLE_IDENTIFIER = com.marklinapp.SieveOfEratosthenes;
				PRODUCT_NAME = "$(TARGET_NAME)";
				TARGETED_DEVICE_FAMILY = 1;
			};
			name = Debug;
		};
		AE0C0E7B1C80D3EE00F3EE0B /* Release */ = {
			isa = XCBuildConfiguration;
			buildSettings = {
				ASSETCATALOG_COMPILER_APPICON_NAME = AppIcon;
				INFOPLIST_FILE = SieveOfEratosthenes/Info.plist;
				IPHONEOS_DEPLOYMENT_TARGET = 9.2;
				LD_RUNPATH_SEARCH_PATHS = "$(inherited) @executable_path/Frameworks";
				PRODUCT_BUNDLE_IDENTIFIER = com.marklinapp.SieveOfEratosthenes;
				PRODUCT_NAME = "$(TARGET_NAME)";
				TARGETED_DEVICE_FAMILY = 1;
			};
			name = Release;
		};
/* End XCBuildConfiguration section */

/* Begin XCConfigurationList section */
		AE0C0E621C80D3EE00F3EE0B /* Build configuration list for PBXProject "SieveOfEratosthenes" */ = {
			isa = XCConfigurationList;
			buildConfigurations = (
				AE0C0E771C80D3EE00F3EE0B /* Debug */,
				AE0C0E781C80D3EE00F3EE0B /* Release */,
			);
			defaultConfigurationIsVisible = 0;
			defaultConfigurationName = Release;
		};
		AE0C0E791C80D3EE00F3EE0B /* Build configuration list for PBXNativeTarget "SieveOfEratosthenes" */ = {
			isa = XCConfigurationList;
			buildConfigurations = (
				AE0C0E7A1C80D3EE00F3EE0B /* Debug */,
				AE0C0E7B1C80D3EE00F3EE0B /* Release */,
			);
			defaultConfigurationIsVisible = 0;
			defaultConfigurationName = Release;
		};
/* End XCConfigurationList section */
	};
	rootObject = AE0C0E5F1C80D3EE00F3EE0B /* Project object */;
}
